
Microsoft Visual Studio Solution File, Format Version 12.00
# Visual Studio Version 16
VisualStudioVersion = 16.0.31129.286
MinimumVisualStudioVersion = 10.0.40219.1
Project("{FAE04EC0-301F-11D3-BF4B-00C04F79EFBC}") = "exe8", "exe8\exe8.csproj", "{E2287331-B6BD-47B6-BB05-BF75A38F80FA}"
EndProject
Project("{FAE04EC0-301F-11D3-BF4B-00C04F79EFBC}") = "form_A", "form_A\form_A.csproj", "{09F7D804-D382-456F-9C65-F095B5345E04}"
EndProject
Global
	GlobalSection(SolutionConfigurationPlatforms) = preSolution
		Debug|Any CPU = Debug|Any CPU
		Release|Any CPU = Release|Any CPU
	EndGlobalSection
	GlobalSection(ProjectConfigurationPlatforms) = postSolution
		{E2287331-B6BD-47B6-BB05-BF75A38F80FA}.Debug|Any CPU.ActiveCfg = Debug|Any CPU
		{E2287331-B6BD-47B6-BB05-BF75A38F80FA}.Debug|Any CPU.Build.0 = Debug|Any CPU
		{E2287331-B6BD-47B6-BB05-BF75A38F80FA}.Release|Any CPU.ActiveCfg = Release|Any CPU
		{E2287331-B6BD-47B6-BB05-BF75A38F80FA}.Release|Any CPU.Build.0 = Release|Any CPU
		{09F7D804-D382-456F-9C65-F095B5345E04}.Debug|Any CPU.ActiveCfg = Debug|Any CPU
		{09F7D804-D382-456F-9C65-F095B5345E04}.Debug|Any CPU.Build.0 = Debug|Any CPU
		{09F7D804-D382-456F-9C65-F095B5345E04}.Release|Any CPU.ActiveCfg = Release|Any CPU
		{09F7D804-D382-456F-9C65-F095B5345E04}.Release|Any CPU.Build.0 = Release|Any CPU
	EndGlobalSection
	GlobalSection(SolutionProperties) = preSolution
		HideSolutionNode = FALSE
	EndGlobalSection
	GlobalSection(ExtensibilityGlobals) = postSolution
		SolutionGuid = {0AAF5E68-E961-4339-B51B-67EB6B4692C1}
	EndGlobalSection
EndGlobal
